
Microsoft Visual Studio Solution File, Format Version 12.00
# Visual Studio 15
VisualStudioVersion = 15.0.27703.2026
MinimumVisualStudioVersion = 10.0.40219.1
Project("{FAE04EC0-301F-11D3-BF4B-00C04F79EFBC}") = "Aescohospital", "Aescohospital\Aescohospital.csproj", "{891BD5F6-028F-4DCF-8718-3CFA15696104}"
EndProject
Global
	GlobalSection(SolutionConfigurationPlatforms) = preSolution
		Debug|Any CPU = Debug|Any CPU
		Release|Any CPU = Release|Any CPU
	EndGlobalSection
	GlobalSection(ProjectConfigurationPlatforms) = postSolution
		{891BD5F6-028F-4DCF-8718-3CFA15696104}.Debug|Any CPU.ActiveCfg = Debug|Any CPU
		{891BD5F6-028F-4DCF-8718-3CFA15696104}.Debug|Any CPU.Build.0 = Debug|Any CPU
		{891BD5F6-028F-4DCF-8718-3CFA15696104}.Release|Any CPU.ActiveCfg = Release|Any CPU
		{891BD5F6-028F-4DCF-8718-3CFA15696104}.Release|Any CPU.Build.0 = Release|Any CPU
	EndGlobalSection
	GlobalSection(SolutionProperties) = preSolution
		HideSolutionNode = FALSE
	EndGlobalSection
	GlobalSection(ExtensibilityGlobals) = postSolution
		SolutionGuid = {419C209E-4A7F-4E85-AA5C-FDFAFD87D34F}
	EndGlobalSection
EndGlobal
